{
    "name": "principal-pi-skills",
    "version": "2.2.1",
    "lockfileVersion": 3,
    "requires": true,
    "packages": {
        "": {
            "name": "principal-pi-skills",
            "version": "2.2.1",
            "license": "MIT",
            "engines": {
                "node": ">=20"
            }
        }
    }
}
