{
    "name": "principal-pi-skills",
    "version": "4.4.0",
    "lockfileVersion": 3,
    "requires": true,
    "packages": {
        "": {
            "name": "principal-pi-skills",
            "version": "4.4.0",
            "license": "MIT",
            "bin": {
                "principal-pi-agents": "scripts/install-agents.mjs",
                "principal-pi-workspace": "scripts/snapshot-workspace.mjs"
            },
            "devDependencies": {},
            "engines": {
                "node": ">=20"
            }
        }
    }
}
