{
    "name": "principal-pi-skills",
    "version": "4.12.0",
    "lockfileVersion": 3,
    "requires": true,
    "packages": {
        "": {
            "name": "principal-pi-skills",
            "version": "4.12.0",
            "license": "MIT",
            "bin": {
                "principal-pi-agents": "scripts/install-agents.mjs",
                "principal-pi-progress": "scripts/progress-artifacts.mjs",
                "principal-pi-resume": "scripts/resume-checkpoint.mjs",
                "principal-pi-workspace": "scripts/snapshot-workspace.mjs"
            },
            "devDependencies": {},
            "engines": {
                "node": ">=20"
            },
            "peerDependencies": {
                "@earendil-works/pi-coding-agent": "*",
                "typebox": "*"
            },
            "peerDependenciesMeta": {
                "@earendil-works/pi-coding-agent": {
                    "optional": true
                },
                "typebox": {
                    "optional": true
                }
            }
        }
    }
}
